Microsoft Visual Studio Solution File, Format Version 7.00
Project("{8BC9CEB8-8B4A-11D0-8D11-00A0C91BC942}") = "ModRDNRelease", "ModRDNRelease.vcproj", "{293120C5-5EA2-40F2-BF9E-EEED022C85EF}"
EndProject
Global
	GlobalSection(SourceCodeControl) = preSolution
		SccNumberOfProjects = 1
		SccProjectUniqueName0 = ModRPS.vcproj
		SccProjectName0 = Perforce\u0020Project
		SccLocalPath0 = ..\\..
		SccProvider0 = MSSCCI:Perforce\u0020SCM
		CanCheckoutShared = true
		SccProjectFilePathRelativizedFromConnection0 = ICXP\\ModRDN\\
	EndGlobalSection
	GlobalSection(SolutionConfiguration) = preSolution
		ConfigName.0 = Debug
		ConfigName.1 = Release
	EndGlobalSection
	GlobalSection(ProjectDependencies) = postSolution
	EndGlobalSection
	GlobalSection(ProjectConfiguration) = postSolution
		{293120C5-5EA2-40F2-BF9E-EEED022C85EF}.Debug.ActiveCfg = Debug|Win32
		{293120C5-5EA2-40F2-BF9E-EEED022C85EF}.Debug.Build.0 = Debug|Win32
		{293120C5-5EA2-40F2-BF9E-EEED022C85EF}.Release.ActiveCfg = Release|Win32
		{293120C5-5EA2-40F2-BF9E-EEED022C85EF}.Release.Build.0 = Release|Win32
	EndGlobalSection
	GlobalSection(ExtensibilityGlobals) = postSolution
	EndGlobalSection
	GlobalSection(ExtensibilityAddIns) = postSolution
	EndGlobalSection
EndGlobal
